
Microsoft Visual Studio Solution File, Format Version 12.00
# Visual Studio 2017
Project("{FAE04EC0-301F-11D3-BF4B-00C04F79EFBC}") = "TutorialRougelike", "TutorialRougelike.csproj", "{9A8FB59B-A17D-2D41-A353-85BD80C8F722}"
EndProject
Project("{FAE04EC0-301F-11D3-BF4B-00C04F79EFBC}") = "TutorialRougelike.Editor", "TutorialRougelike.Editor.csproj", "{66B6CDB8-3F25-AC60-4F1E-1D349BDDCD32}"
EndProject
Global
	GlobalSection(SolutionConfigurationPlatforms) = preSolution
		Debug|Any CPU = Debug|Any CPU
		Release|Any CPU = Release|Any CPU
	EndGlobalSection
	GlobalSection(ProjectConfigurationPlatforms) = postSolution
		{9A8FB59B-A17D-2D41-A353-85BD80C8F722}.Debug|Any CPU.ActiveCfg = Debug|Any CPU
		{9A8FB59B-A17D-2D41-A353-85BD80C8F722}.Debug|Any CPU.Build.0 = Debug|Any CPU
		{9A8FB59B-A17D-2D41-A353-85BD80C8F722}.Release|Any CPU.ActiveCfg = Release|Any CPU
		{9A8FB59B-A17D-2D41-A353-85BD80C8F722}.Release|Any CPU.Build.0 = Release|Any CPU
		{66B6CDB8-3F25-AC60-4F1E-1D349BDDCD32}.Debug|Any CPU.ActiveCfg = Debug|Any CPU
		{66B6CDB8-3F25-AC60-4F1E-1D349BDDCD32}.Debug|Any CPU.Build.0 = Debug|Any CPU
		{66B6CDB8-3F25-AC60-4F1E-1D349BDDCD32}.Release|Any CPU.ActiveCfg = Release|Any CPU
		{66B6CDB8-3F25-AC60-4F1E-1D349BDDCD32}.Release|Any CPU.Build.0 = Release|Any CPU
	EndGlobalSection
	GlobalSection(SolutionProperties) = preSolution
		HideSolutionNode = FALSE
	EndGlobalSection
EndGlobal
